
Microsoft Visual Studio Solution File, Format Version 12.00
# Visual Studio Version 17
VisualStudioVersion = 17.5.002.0
MinimumVisualStudioVersion = 10.0.40219.1
Project("{9A19103F-16F7-4668-BE54-9A1E7A4F7556}") = "Api", "Api\Api.csproj", "{680BE53A-16B6-4033-A700-10D4632C7B6A}"
EndProject
Project("{9A19103F-16F7-4668-BE54-9A1E7A4F7556}") = "Application", "Application\Application.csproj", "{9BCABFBE-4C0C-4383-8BFE-19A8C7A7EAB8}"
EndProject
Project("{9A19103F-16F7-4668-BE54-9A1E7A4F7556}") = "Domain", "Domain\Domain.csproj", "{01A28691-BEFD-40DE-B6FD-2D50E9E680B4}"
EndProject
Project("{9A19103F-16F7-4668-BE54-9A1E7A4F7556}") = "Infra", "Infra\Infra.csproj", "{8859FF26-1034-459C-A065-FBD2D92E56CA}"
EndProject
Global
	GlobalSection(SolutionConfigurationPlatforms) = preSolution
		Debug|Any CPU = Debug|Any CPU
		Release|Any CPU = Release|Any CPU
	EndGlobalSection
	GlobalSection(ProjectConfigurationPlatforms) = postSolution
		{680BE53A-16B6-4033-A700-10D4632C7B6A}.Debug|Any CPU.ActiveCfg = Debug|Any CPU
		{680BE53A-16B6-4033-A700-10D4632C7B6A}.Debug|Any CPU.Build.0 = Debug|Any CPU
		{680BE53A-16B6-4033-A700-10D4632C7B6A}.Release|Any CPU.ActiveCfg = Release|Any CPU
		{680BE53A-16B6-4033-A700-10D4632C7B6A}.Release|Any CPU.Build.0 = Release|Any CPU
		{9BCABFBE-4C0C-4383-8BFE-19A8C7A7EAB8}.Debug|Any CPU.ActiveCfg = Debug|Any CPU
		{9BCABFBE-4C0C-4383-8BFE-19A8C7A7EAB8}.Debug|Any CPU.Build.0 = Debug|Any CPU
		{9BCABFBE-4C0C-4383-8BFE-19A8C7A7EAB8}.Release|Any CPU.ActiveCfg = Release|Any CPU
		{9BCABFBE-4C0C-4383-8BFE-19A8C7A7EAB8}.Release|Any CPU.Build.0 = Release|Any CPU
		{01A28691-BEFD-40DE-B6FD-2D50E9E680B4}.Debug|Any CPU.ActiveCfg = Debug|Any CPU
		{01A28691-BEFD-40DE-B6FD-2D50E9E680B4}.Debug|Any CPU.Build.0 = Debug|Any CPU
		{01A28691-BEFD-40DE-B6FD-2D50E9E680B4}.Release|Any CPU.ActiveCfg = Release|Any CPU
		{01A28691-BEFD-40DE-B6FD-2D50E9E680B4}.Release|Any CPU.Build.0 = Release|Any CPU
		{8859FF26-1034-459C-A065-FBD2D92E56CA}.Debug|Any CPU.ActiveCfg = Debug|Any CPU
		{8859FF26-1034-459C-A065-FBD2D92E56CA}.Debug|Any CPU.Build.0 = Debug|Any CPU
		{8859FF26-1034-459C-A065-FBD2D92E56CA}.Release|Any CPU.ActiveCfg = Release|Any CPU
		{8859FF26-1034-459C-A065-FBD2D92E56CA}.Release|Any CPU.Build.0 = Release|Any CPU
	EndGlobalSection
	GlobalSection(SolutionProperties) = preSolution
		HideSolutionNode = FALSE
	EndGlobalSection
	GlobalSection(ExtensibilityGlobals) = postSolution
		SolutionGuid = {5F28CADA-1327-472B-BBBB-167F06734E2B}
	EndGlobalSection
EndGlobal
